# This file is autogenerated, do not edit; changes may be undone by the next 'dep ensure'.


[[projects]]
  digest = "1:58f4ab426f7b94ea3a2ae5510e43aeed90c06d066c18db8268f83f22cbc79611"
  name = "github.com/asaskevich/govalidator"
  packages = ["."]
  pruneopts = "UT"
  revision = "f21760c49a8d602d863493de796926d2a5c1138d"
  version = "v11.0.1"

[[projects]]
  digest = "1:cf10921041868080f29554cd0355b01b4f8ec98194d617a1155a911313dde788"
  name = "github.com/docker/go-units"
  packages = ["."]
  pruneopts = "UT"
  revision = "e682442797b36348f8e1f98defdbf32bac0b6c6f"
  version = "v0.5.0"

[[projects]]
  digest = "1:6e42a001f10754c893b59228bb50abf707a7199976a88be4c6031a482c8dfc7c"
  name = "github.com/go-openapi/analysis"
  packages = [
    ".",
    "internal/debug",
    "internal/flatten/normalize",
    "internal/flatten/operations",
    "internal/flatten/replace",
    "internal/flatten/schutils",
    "internal/flatten/sortref",
  ]
  pruneopts = "UT"
  revision = "8f0d3d0df1d7a50a6c09adc87800e3ead7cab00d"
  version = "v0.23.0"

[[projects]]
  digest = "1:e6b6ff0021b0ec53a999bf7454c0e5a5c3364540b6dbe5260b05bc05f51a1472"
  name = "github.com/go-openapi/errors"
  packages = ["."]
  pruneopts = "UT"
  revision = "f5f5f825398ec01e16e3467f4b08c541adb5decd"
  version = "v0.22.0"

[[projects]]
  digest = "1:a72c600e63ba64fd3e17ce9b9abe70c82fc639d8f9126d87a4b804cee0178a0d"
  name = "github.com/go-openapi/jsonpointer"
  packages = ["."]
  pruneopts = "UT"
  revision = "8b546b950409bd7b131488a88613339cd8937b7f"
  version = "v0.21.0"

[[projects]]
  digest = "1:ea11412aaba643052b7f816611a563a0815404b0db23fa5f31a796040c8271db"
  name = "github.com/go-openapi/jsonreference"
  packages = [
    ".",
    "internal",
  ]
  pruneopts = "UT"
  revision = "c5fa756d84ccb15425cb8664d142ad550fe58b1b"
  version = "v0.21.0"

[[projects]]
  digest = "1:d3d0f85d88cc16ef435bff0929d3ab54b9b71927eb79ea9f89c6b9a672c510e2"
  name = "github.com/go-openapi/loads"
  packages = ["."]
  pruneopts = "UT"
  revision = "a662cbe96c63f803ae3c7f17fec9fb4175ceb0f4"
  version = "v0.22.0"

[[projects]]
  digest = "1:7a77e35fbd08aac8df628fd0463b8214b0213efb1ad798b4f4012d85af160ed7"
  name = "github.com/go-openapi/runtime"
  packages = [
    ".",
    "flagext",
    "logger",
    "middleware",
    "middleware/denco",
    "middleware/header",
    "middleware/untyped",
    "security",
  ]
  pruneopts = "UT"
  revision = "2707759827b7c6726b647325f8e5b3901ae2bf77"
  version = "v0.28.0"

[[projects]]
  digest = "1:8d3a288b5e5e6f692952dc419b991525fb0ed39f071cd7ca21489bdd2b1c4611"
  name = "github.com/go-openapi/spec"
  packages = ["."]
  pruneopts = "UT"
  revision = "af9bab81cf9ab52283c1498b1d076ec68a1a2bcd"
  version = "v0.21.0"

[[projects]]
  digest = "1:f2c84de1d54cdcdde8dc715b34098c55793deac4c35e623a35c5538703fd3b8c"
  name = "github.com/go-openapi/strfmt"
  packages = ["."]
  pruneopts = "UT"
  revision = "f72fdf0301469b24829992bdf31b3456a74a172d"
  version = "v0.23.0"

[[projects]]
  digest = "1:9c08193999d3a6c25acfc19cdc813cec8463b2358c4fdc57a68759c952e6355b"
  name = "github.com/go-openapi/swag"
  packages = ["."]
  pruneopts = "UT"
  revision = "53e32e82f758c8e884819330a87aef294ff10c1f"
  version = "v0.23.0"

[[projects]]
  digest = "1:1acbc2c76375b22ee9f6a9bb5c87f3874971e2498c86e39d6710b913aefefdc0"
  name = "github.com/go-openapi/validate"
  packages = ["."]
  pruneopts = "UT"
  revision = "afe2925deba39cdca4adbb938a250b41d362fa28"
  version = "v0.24.0"

[[projects]]
  digest = "1:986c4f783e42f82ffc98dd27e8f1a542b9c2f1855679144dbd7712b57b76bbd0"
  name = "github.com/google/uuid"
  packages = ["."]
  pruneopts = "UT"
  revision = "0f11ee6918f41a04c201eceeadf612a377bc7fbc"
  version = "v1.6.0"

[[projects]]
  digest = "1:4591296f27b4d3d24d91923e9d112dca59992d20819e9ae4bd03e2e6fefd5a03"
  name = "github.com/jessevdk/go-flags"
  packages = ["."]
  pruneopts = "UT"
  revision = "c02e333e441eb1187c25e6d689d769d499ec2a0b"
  version = "v1.6.1"

[[projects]]
  digest = "1:e0b019ee3a64ce51eeb7e0097a372305ac8caf338e50adf8e4bf3b7ce928e132"
  name = "github.com/josharian/intern"
  packages = ["."]
  pruneopts = "UT"
  revision = "8e6ff32b3e7c0b018c43953085fe2ac330fe9acd"
  version = "v1.0.0"

[[projects]]
  digest = "1:ee2c45223b9ec961138712fa97cad92e897b264d2e66750611ff165b66f5c59e"
  name = "github.com/mailru/easyjson"
  packages = [
    "buffer",
    "jlexer",
    "jwriter",
  ]
  pruneopts = "UT"
  revision = "5e854fb809ec83ff18eb74554fd5c693e28eaadb"
  version = "v0.9.0"

[[projects]]
  digest = "1:3419f851770e246f952a20e81360fbbd99127767d0b1113f42de4a2c61a93c07"
  name = "github.com/mitchellh/mapstructure"
  packages = ["."]
  pruneopts = "UT"
  revision = "ab69d8d93410fce4361f4912bb1ff88110a81311"
  version = "v1.5.0"

[[projects]]
  digest = "1:887093d2bccd35c2513a79565d18d8a5d14be6236a4651613ecf76b858e512d5"
  name = "github.com/oklog/ulid"
  packages = ["."]
  pruneopts = "UT"
  revision = "09b4b3eae8826fac0fcc4d1505eb00179d508cf6"
  version = "v2.1.0"

[[projects]]
  digest = "1:692e7fc7feecfd725fa0a72cdc8653147e3d84d56dae9f05d10a397358f4b5d2"
  name = "go.mongodb.org/mongo-driver"
  packages = [
    "bson",
    "bson/bsoncodec",
    "bson/bsonoptions",
    "bson/bsonrw",
    "bson/bsontype",
    "bson/primitive",
    "x/bsonx/bsoncore",
  ]
  pruneopts = "UT"
  revision = "f1323781ad1c8abea94148323f81eafa6e41c565"
  version = "v1.17.2"

[[projects]]
  digest = "1:8141b0d389fefb05c594585592882d4ac2e22869e606f4cea69c97800f3903ab"
  name = "golang.org/x/net"
  packages = ["netutil"]
  pruneopts = "UT"
  revision = "8da7ed17cdaf5e1d42aa868f0b0322a207a17dcd"
  version = "v0.34.0"

[[projects]]
  digest = "1:d977850fdbfbaa49ec7d3d6aaad09fc4d63358f9b8bdf64268a8a18768e13a91"
  name = "golang.org/x/sync"
  packages = ["errgroup"]
  pruneopts = "UT"
  revision = "fe3591bd8a96873abc98bb9d2d5c62f27efca3e9"
  version = "v0.11.0"

[[projects]]
  digest = "1:75ea1407f0087b25c79610dfba9b41ff659419707233370c4d2cd1840718886a"
  name = "golang.org/x/sys"
  packages = ["unix"]
  pruneopts = "UT"
  revision = "863b3c4ac4975ff758815fa8d01acb6771f37177"
  version = "v0.30.0"

[[projects]]
  digest = "1:0d58f1f9964495f627de70f2db37d14c39dca5ee41f49739ea7dffcbc84dd84d"
  name = "gopkg.in/yaml.v3"
  packages = ["."]
  pruneopts = "UT"
  revision = "f6f7691b1fdeb513f56608cd2c32c51f8194bf51"
  version = "v3.0.1"

[solve-meta]
  analyzer-name = "dep"
  analyzer-version = 1
  input-imports = [
    "github.com/go-openapi/errors",
    "github.com/go-openapi/loads",
    "github.com/go-openapi/runtime",
    "github.com/go-openapi/runtime/flagext",
    "github.com/go-openapi/runtime/middleware",
    "github.com/go-openapi/runtime/security",
    "github.com/go-openapi/spec",
    "github.com/go-openapi/strfmt",
    "github.com/go-openapi/swag",
    "github.com/jessevdk/go-flags",
    "golang.org/x/net/netutil",
  ]
  solver-name = "gps-cdcl"
  solver-version = 1
